// !$*UTF8*$!
{
	archiveVersion = 1;
	classes = {
	};
	objectVersion = 51;
	objects = {

/* Begin PBXBuildFile section */
		20725A7B807EDD32944BBE9E /* Pods_Solocoin.framework in Frameworks */ = {isa = PBXBuildFile; fileRef = 5DD9BD85F0412AF4F088824A /* Pods_Solocoin.framework */; };
		68213D1B2457FD1E008B30A1 /* PermissionsController.swift in Sources */ = {isa = PBXBuildFile; fileRef = 68213D1A2457FD1D008B30A1 /* PermissionsController.swift */; };
		68872A152468CC70005348B4 /* UIViewExtension.swift in Sources */ = {isa = PBXBuildFile; fileRef = 68872A142468CC70005348B4 /* UIViewExtension.swift */; };
		68B1D8712453ACDC007ECC01 /* AppDelegate.swift in Sources */ = {isa = PBXBuildFile; fileRef = 68B1D8702453ACDC007ECC01 /* AppDelegate.swift */; };
		68B1D8732453ACDC007ECC01 /* SceneDelegate.swift in Sources */ = {isa = PBXBuildFile; fileRef = 68B1D8722453ACDC007ECC01 /* SceneDelegate.swift */; };
		68B1D8782453ACDC007ECC01 /* Main.storyboard in Resources */ = {isa = PBXBuildFile; fileRef = 68B1D8762453ACDC007ECC01 /* Main.storyboard */; };
		68B1D87B2453ACDC007ECC01 /* Solocoin.xcdatamodeld in Sources */ = {isa = PBXBuildFile; fileRef = 68B1D8792453ACDC007ECC01 /* Solocoin.xcdatamodeld */; };
		68B1D87D2453ACDE007ECC01 /* Assets.xcassets in Resources */ = {isa = PBXBuildFile; fileRef = 68B1D87C2453ACDE007ECC01 /* Assets.xcassets */; };
		68B1D8802453ACDE007ECC01 /* LaunchScreen.storyboard in Resources */ = {isa = PBXBuildFile; fileRef = 68B1D87E2453ACDE007ECC01 /* LaunchScreen.storyboard */; };
		68B1D8882453B4BA007ECC01 /* LandingPagesController.swift in Sources */ = {isa = PBXBuildFile; fileRef = 68B1D8872453B4BA007ECC01 /* LandingPagesController.swift */; };
		68B1D88A24540C5F007ECC01 /* OTPController.swift in Sources */ = {isa = PBXBuildFile; fileRef = 68B1D88924540C5F007ECC01 /* OTPController.swift */; };
		68B1D8C6245425FA007ECC01 /* OTP2Controller.swift in Sources */ = {isa = PBXBuildFile; fileRef = 68B1D8C5245425FA007ECC01 /* OTP2Controller.swift */; };
		68B1D8CF24551915007ECC01 /* SignUpController.swift in Sources */ = {isa = PBXBuildFile; fileRef = 68B1D8CE24551915007ECC01 /* SignUpController.swift */; };
		68B1D8D124551A5E007ECC01 /* PublicVars.swift in Sources */ = {isa = PBXBuildFile; fileRef = 68B1D8D024551A5E007ECC01 /* PublicVars.swift */; };
		68B1D8D324565FD8007ECC01 /* HomePage1.swift in Sources */ = {isa = PBXBuildFile; fileRef = 68B1D8D224565FD8007ECC01 /* HomePage1.swift */; };
		68B1D8D52457707B007ECC01 /* Geofencing.swift in Sources */ = {isa = PBXBuildFile; fileRef = 68B1D8D42457707B007ECC01 /* Geofencing.swift */; };
		68D2ED7C245B3FAA00F39655 /* ProfilePage.swift in Sources */ = {isa = PBXBuildFile; fileRef = 68D2ED7B245B3FAA00F39655 /* ProfilePage.swift */; };
		F50950F3249902E7002C2C3D /* NetWorkCheck.swift in Sources */ = {isa = PBXBuildFile; fileRef = F50950F2249902E7002C2C3D /* NetWorkCheck.swift */; };
		F50950F524994F3E002C2C3D /* errorViewController.swift in Sources */ = {isa = PBXBuildFile; fileRef = F50950F424994F3E002C2C3D /* errorViewController.swift */; };
		F5145FDF24A228B5007BFED8 /* ScoreView.swift in Sources */ = {isa = PBXBuildFile; fileRef = F5145FDE24A228B5007BFED8 /* ScoreView.swift */; };
		F516F95624C7682500BB5EF7 /* GoogleService-Info.plist in Resources */ = {isa = PBXBuildFile; fileRef = F516F95524C7682500BB5EF7 /* GoogleService-Info.plist */; };
		F516F97224C774BC00BB5EF7 /* SAConfettiView.swift in Sources */ = {isa = PBXBuildFile; fileRef = F516F96A24C774BC00BB5EF7 /* SAConfettiView.swift */; };
		F516F97424C774BC00BB5EF7 /* confetti.png in Resources */ = {isa = PBXBuildFile; fileRef = F516F96D24C774BC00BB5EF7 /* confetti.png */; };
		F516F97624C774BC00BB5EF7 /* triangle.png in Resources */ = {isa = PBXBuildFile; fileRef = F516F96F24C774BC00BB5EF7 /* triangle.png */; };
		F516F97724C774BC00BB5EF7 /* diamond.png in Resources */ = {isa = PBXBuildFile; fileRef = F516F97024C774BC00BB5EF7 /* diamond.png */; };
		F516F97824C774BC00BB5EF7 /* star.png in Resources */ = {isa = PBXBuildFile; fileRef = F516F97124C774BC00BB5EF7 /* star.png */; };
		F516F97A24C8118000BB5EF7 /* GoogleService-Info.plist in Resources */ = {isa = PBXBuildFile; fileRef = F516F97924C8118000BB5EF7 /* GoogleService-Info.plist */; };
		F53DA2A72483A9EF005FE377 /* OfferCollectionViewCell.swift in Sources */ = {isa = PBXBuildFile; fileRef = F53DA2A62483A9EF005FE377 /* OfferCollectionViewCell.swift */; };
		F53DA2AB2483D94C005FE377 /* OfferDetailsViewController.swift in Sources */ = {isa = PBXBuildFile; fileRef = F53DA2AA2483D94C005FE377 /* OfferDetailsViewController.swift */; };
		F53DF2C42485279100030373 /* BadgeCollectionViewCell.swift in Sources */ = {isa = PBXBuildFile; fileRef = F53DF2C32485279100030373 /* BadgeCollectionViewCell.swift */; };
		F53DF2C62485545700030373 /* ShareBadgeViewController.swift in Sources */ = {isa = PBXBuildFile; fileRef = F53DF2C52485545600030373 /* ShareBadgeViewController.swift */; };
		F53FFD6824C5F0D60083272A /* GLScratchCardController.swift in Sources */ = {isa = PBXBuildFile; fileRef = F53FFD5F24C5F0D50083272A /* GLScratchCardController.swift */; };
		F53FFD6924C5F0D60083272A /* GLScratchCardImageView.swift in Sources */ = {isa = PBXBuildFile; fileRef = F53FFD6024C5F0D50083272A /* GLScratchCardImageView.swift */; };
		F53FFD6A24C5F0D60083272A /* GLScratchCardView.xib in Resources */ = {isa = PBXBuildFile; fileRef = F53FFD6124C5F0D50083272A /* GLScratchCardView.xib */; };
		F53FFD6C24C5F0D60083272A /* scratch_image_new.png in Resources */ = {isa = PBXBuildFile; fileRef = F53FFD6324C5F0D50083272A /* scratch_image_new.png */; };
		F53FFD6D24C5F0D60083272A /* GLScratchCardView.swift in Sources */ = {isa = PBXBuildFile; fileRef = F53FFD6424C5F0D50083272A /* GLScratchCardView.swift */; };
		F53FFD6E24C5F0D60083272A /* .gitkeep in Resources */ = {isa = PBXBuildFile; fileRef = F53FFD6624C5F0D50083272A /* .gitkeep */; };
		F53FFD6F24C5F0D60083272A /* glscratch_close.png in Resources */ = {isa = PBXBuildFile; fileRef = F53FFD6724C5F0D50083272A /* glscratch_close.png */; };
		F53FFD7124C5F2580083272A /* scratchCollectionViewCell.swift in Sources */ = {isa = PBXBuildFile; fileRef = F53FFD7024C5F2580083272A /* scratchCollectionViewCell.swift */; };
		F541A5EE24C0CD2F00946529 /* HomeCollectionReusableView.swift in Sources */ = {isa = PBXBuildFile; fileRef = F541A5ED24C0CD2F00946529 /* HomeCollectionReusableView.swift */; };
		F542F1B0249369470089CB83 /* profileTableViewCell.swift in Sources */ = {isa = PBXBuildFile; fileRef = F542F1AF249369470089CB83 /* profileTableViewCell.swift */; };
		F542F1B22493B3A50089CB83 /* OpeningViewControllers.swift in Sources */ = {isa = PBXBuildFile; fileRef = F542F1B12493B3A50089CB83 /* OpeningViewControllers.swift */; };
		F542F1B42493DF7C0089CB83 /* ThirdViewController.swift in Sources */ = {isa = PBXBuildFile; fileRef = F542F1B32493DF7B0089CB83 /* ThirdViewController.swift */; };
		F542F1B62493DFCC0089CB83 /* SecondViewController.swift in Sources */ = {isa = PBXBuildFile; fileRef = F542F1B52493DFCC0089CB83 /* SecondViewController.swift */; };
		F542F1B82493FC340089CB83 /* WelcomeViewController.swift in Sources */ = {isa = PBXBuildFile; fileRef = F542F1B72493FC340089CB83 /* WelcomeViewController.swift */; };
		F54329AF2490B0900083EED2 /* Poppins-ExtraLight.ttf in Resources */ = {isa = PBXBuildFile; fileRef = F543299D2490B0900083EED2 /* Poppins-ExtraLight.ttf */; };
		F54329B02490B0900083EED2 /* Poppins-ThinItalic.ttf in Resources */ = {isa = PBXBuildFile; fileRef = F543299E2490B0900083EED2 /* Poppins-ThinItalic.ttf */; };
		F54329B12490B0900083EED2 /* Poppins-ExtraLightItalic.ttf in Resources */ = {isa = PBXBuildFile; fileRef = F543299F2490B0900083EED2 /* Poppins-ExtraLightItalic.ttf */; };
		F54329B22490B0900083EED2 /* Poppins-BoldItalic.ttf in Resources */ = {isa = PBXBuildFile; fileRef = F54329A02490B0900083EED2 /* Poppins-BoldItalic.ttf */; };
		F54329B32490B0900083EED2 /* Poppins-Light.ttf in Resources */ = {isa = PBXBuildFile; fileRef = F54329A12490B0900083EED2 /* Poppins-Light.ttf */; };
		F54329B42490B0900083EED2 /* Poppins-Medium.ttf in Resources */ = {isa = PBXBuildFile; fileRef = F54329A22490B0900083EED2 /* Poppins-Medium.ttf */; };
		F54329B52490B0900083EED2 /* Poppins-SemiBoldItalic.ttf in Resources */ = {isa = PBXBuildFile; fileRef = F54329A32490B0900083EED2 /* Poppins-SemiBoldItalic.ttf */; };
		F54329B62490B0900083EED2 /* Poppins-ExtraBoldItalic.ttf in Resources */ = {isa = PBXBuildFile; fileRef = F54329A42490B0900083EED2 /* Poppins-ExtraBoldItalic.ttf */; };
		F54329B72490B0900083EED2 /* Poppins-ExtraBold.ttf in Resources */ = {isa = PBXBuildFile; fileRef = F54329A52490B0900083EED2 /* Poppins-ExtraBold.ttf */; };
		F54329B82490B0900083EED2 /* Poppins-BlackItalic.ttf in Resources */ = {isa = PBXBuildFile; fileRef = F54329A62490B0900083EED2 /* Poppins-BlackItalic.ttf */; };
		F54329B92490B0900083EED2 /* Poppins-Regular.ttf in Resources */ = {isa = PBXBuildFile; fileRef = F54329A72490B0900083EED2 /* Poppins-Regular.ttf */; };
		F54329BA2490B0900083EED2 /* Poppins-LightItalic.ttf in Resources */ = {isa = PBXBuildFile; fileRef = F54329A82490B0900083EED2 /* Poppins-LightItalic.ttf */; };
		F54329BB2490B0900083EED2 /* Poppins-Bold.ttf in Resources */ = {isa = PBXBuildFile; fileRef = F54329A92490B0900083EED2 /* Poppins-Bold.ttf */; };
		F54329BC2490B0900083EED2 /* Poppins-Black.ttf in Resources */ = {isa = PBXBuildFile; fileRef = F54329AA2490B0900083EED2 /* Poppins-Black.ttf */; };
		F54329BD2490B0900083EED2 /* Poppins-Thin.ttf in Resources */ = {isa = PBXBuildFile; fileRef = F54329AB2490B0900083EED2 /* Poppins-Thin.ttf */; };
		F54329BE2490B0900083EED2 /* Poppins-SemiBold.ttf in Resources */ = {isa = PBXBuildFile; fileRef = F54329AC2490B0900083EED2 /* Poppins-SemiBold.ttf */; };
		F54329BF2490B0900083EED2 /* Poppins-Italic.ttf in Resources */ = {isa = PBXBuildFile; fileRef = F54329AD2490B0900083EED2 /* Poppins-Italic.ttf */; };
		F54329C02490B0900083EED2 /* Poppins-MediumItalic.ttf in Resources */ = {isa = PBXBuildFile; fileRef = F54329AE2490B0900083EED2 /* Poppins-MediumItalic.ttf */; };
		F5452D5324C4AA7700A35990 /* PlaceHolderScratchCardCollectionViewCell.swift in Sources */ = {isa = PBXBuildFile; fileRef = F5452D5224C4AA7700A35990 /* PlaceHolderScratchCardCollectionViewCell.swift */; };
		F548B69324A09AF300A4F728 /* ScoreBoardViewController.swift in Sources */ = {isa = PBXBuildFile; fileRef = F548B69224A09AF300A4F728 /* ScoreBoardViewController.swift */; };
		F548B69524A09C8F00A4F728 /* ScoreCollectionViewCell.swift in Sources */ = {isa = PBXBuildFile; fileRef = F548B69424A09C8F00A4F728 /* ScoreCollectionViewCell.swift */; };
		F553016F24914FC80036C2B8 /* CollectionReusableView.swift in Sources */ = {isa = PBXBuildFile; fileRef = F553016E24914FC80036C2B8 /* CollectionReusableView.swift */; };
		F55597122496927100DBE6B8 /* LeaderBoardTempVC.swift in Sources */ = {isa = PBXBuildFile; fileRef = F55597112496927100DBE6B8 /* LeaderBoardTempVC.swift */; };
		F5A0B4FC24954B7000BFCC2B /* OTPTextField.swift in Sources */ = {isa = PBXBuildFile; fileRef = F5A0B4FB24954B7000BFCC2B /* OTPTextField.swift */; };
		F5CB66DB24826DC4005BF70D /* LeaderBoardViewController.swift in Sources */ = {isa = PBXBuildFile; fileRef = F5CB66DA24826DC4005BF70D /* LeaderBoardViewController.swift */; };
		F5CB66DD2482865E005BF70D /* WalletViewController.swift in Sources */ = {isa = PBXBuildFile; fileRef = F5CB66DC2482865E005BF70D /* WalletViewController.swift */; };
		F5D66FC92475A1EC00476863 /* MenuTBController.swift in Sources */ = {isa = PBXBuildFile; fileRef = F5D66FC82475A1EC00476863 /* MenuTBController.swift */; };
/* End PBXBuildFile section */

/* Begin PBXFileReference section */
		4A2330E3827520B4D0032661 /* Pods-Solocoin.release.xcconfig */ = {isa = PBXFileReference; includeInIndex = 1; lastKnownFileType = text.xcconfig; name = "Pods-Solocoin.release.xcconfig"; path = "Target Support Files/Pods-Solocoin/Pods-Solocoin.release.xcconfig"; sourceTree = "<group>"; };
		5A8EC59CA352A3C678A64B14 /* Pods-Solocoin.debug.xcconfig */ = {isa = PBXFileReference; includeInIndex = 1; lastKnownFileType = text.xcconfig; name = "Pods-Solocoin.debug.xcconfig"; path = "Target Support Files/Pods-Solocoin/Pods-Solocoin.debug.xcconfig"; sourceTree = "<group>"; };
		5DD9BD85F0412AF4F088824A /* Pods_Solocoin.framework */ = {isa = PBXFileReference; explicitFileType = wrapper.framework; includeInIndex = 0; path = Pods_Solocoin.framework; sourceTree = BUILT_PRODUCTS_DIR; };
		68213D1A2457FD1D008B30A1 /* PermissionsController.swift */ = {isa = PBXFileReference; lastKnownFileType = sourcecode.swift; path = PermissionsController.swift; sourceTree = "<group>"; };
		68872A142468CC70005348B4 /* UIViewExtension.swift */ = {isa = PBXFileReference; lastKnownFileType = sourcecode.swift; path = UIViewExtension.swift; sourceTree = "<group>"; };
		68B1D86D2453ACDC007ECC01 /* Solocoin.app */ = {isa = PBXFileReference; explicitFileType = wrapper.application; includeInIndex = 0; path = Solocoin.app; sourceTree = BUILT_PRODUCTS_DIR; };
		68B1D8702453ACDC007ECC01 /* AppDelegate.swift */ = {isa = PBXFileReference; lastKnownFileType = sourcecode.swift; path = AppDelegate.swift; sourceTree = "<group>"; };
		68B1D8722453ACDC007ECC01 /* SceneDelegate.swift */ = {isa = PBXFileReference; lastKnownFileType = sourcecode.swift; path = SceneDelegate.swift; sourceTree = "<group>"; };
		68B1D8772453ACDC007ECC01 /* Base */ = {isa = PBXFileReference; lastKnownFileType = file.storyboard; name = Base; path = Base.lproj/Main.storyboard; sourceTree = "<group>"; };
		68B1D87A2453ACDC007ECC01 /* Solocoin.xcdatamodel */ = {isa = PBXFileReference; lastKnownFileType = wrapper.xcdatamodel; path = Solocoin.xcdatamodel; sourceTree = "<group>"; };
		68B1D87C2453ACDE007ECC01 /* Assets.xcassets */ = {isa = PBXFileReference; lastKnownFileType = folder.assetcatalog; path = Assets.xcassets; sourceTree = "<group>"; };
		68B1D87F2453ACDE007ECC01 /* Base */ = {isa = PBXFileReference; lastKnownFileType = file.storyboard; name = Base; path = Base.lproj/LaunchScreen.storyboard; sourceTree = "<group>"; };
		68B1D8812453ACDE007ECC01 /* Info.plist */ = {isa = PBXFileReference; lastKnownFileType = text.plist.xml; path = Info.plist; sourceTree = "<group>"; };
		68B1D8872453B4BA007ECC01 /* LandingPagesController.swift */ = {isa = PBXFileReference; lastKnownFileType = sourcecode.swift; path = LandingPagesController.swift; sourceTree = "<group>"; };
		68B1D88924540C5F007ECC01 /* OTPController.swift */ = {isa = PBXFileReference; lastKnownFileType = sourcecode.swift; path = OTPController.swift; sourceTree = "<group>"; };
		68B1D8C5245425FA007ECC01 /* OTP2Controller.swift */ = {isa = PBXFileReference; lastKnownFileType = sourcecode.swift; path = OTP2Controller.swift; sourceTree = "<group>"; };
		68B1D8CE24551915007ECC01 /* SignUpController.swift */ = {isa = PBXFileReference; lastKnownFileType = sourcecode.swift; path = SignUpController.swift; sourceTree = "<group>"; };
		68B1D8D024551A5E007ECC01 /* PublicVars.swift */ = {isa = PBXFileReference; lastKnownFileType = sourcecode.swift; path = PublicVars.swift; sourceTree = "<group>"; };
		68B1D8D224565FD8007ECC01 /* HomePage1.swift */ = {isa = PBXFileReference; lastKnownFileType = sourcecode.swift; path = HomePage1.swift; sourceTree = "<group>"; };
		68B1D8D42457707B007ECC01 /* Geofencing.swift */ = {isa = PBXFileReference; lastKnownFileType = sourcecode.swift; path = Geofencing.swift; sourceTree = "<group>"; };
		68D2ED7B245B3FAA00F39655 /* ProfilePage.swift */ = {isa = PBXFileReference; lastKnownFileType = sourcecode.swift; path = ProfilePage.swift; sourceTree = "<group>"; };
		F50950F2249902E7002C2C3D /* NetWorkCheck.swift */ = {isa = PBXFileReference; fileEncoding = 4; lastKnownFileType = sourcecode.swift; path = NetWorkCheck.swift; sourceTree = "<group>"; };
		F50950F424994F3E002C2C3D /* errorViewController.swift */ = {isa = PBXFileReference; lastKnownFileType = sourcecode.swift; path = errorViewController.swift; sourceTree = "<group>"; };
		F5145FDE24A228B5007BFED8 /* ScoreView.swift */ = {isa = PBXFileReference; lastKnownFileType = sourcecode.swift; path = ScoreView.swift; sourceTree = "<group>"; };
		F516F95524C7682500BB5EF7 /* GoogleService-Info.plist */ = {isa = PBXFileReference; fileEncoding = 4; lastKnownFileType = text.plist.xml; path = "GoogleService-Info.plist"; sourceTree = "<group>"; };
		F516F96A24C774BC00BB5EF7 /* SAConfettiView.swift */ = {isa = PBXFileReference; fileEncoding = 4; lastKnownFileType = sourcecode.swift; path = SAConfettiView.swift; sourceTree = "<group>"; };
		F516F96D24C774BC00BB5EF7 /* confetti.png */ = {isa = PBXFileReference; lastKnownFileType = image.png; path = confetti.png; sourceTree = "<group>"; };
		F516F96F24C774BC00BB5EF7 /* triangle.png */ = {isa = PBXFileReference; lastKnownFileType = image.png; path = triangle.png; sourceTree = "<group>"; };
		F516F97024C774BC00BB5EF7 /* diamond.png */ = {isa = PBXFileReference; lastKnownFileType = image.png; path = diamond.png; sourceTree = "<group>"; };
		F516F97124C774BC00BB5EF7 /* star.png */ = {isa = PBXFileReference; lastKnownFileType = image.png; path = star.png; sourceTree = "<group>"; };
		F516F97924C8118000BB5EF7 /* GoogleService-Info.plist */ = {isa = PBXFileReference; fileEncoding = 4; lastKnownFileType = text.plist.xml; path = "GoogleService-Info.plist"; sourceTree = "<group>"; };
		F53DA2A62483A9EF005FE377 /* OfferCollectionViewCell.swift */ = {isa = PBXFileReference; lastKnownFileType = sourcecode.swift; path = OfferCollectionViewCell.swift; sourceTree = "<group>"; };
		F53DA2AA2483D94C005FE377 /* OfferDetailsViewController.swift */ = {isa = PBXFileReference; lastKnownFileType = sourcecode.swift; path = OfferDetailsViewController.swift; sourceTree = "<group>"; };
		F53DF2C32485279100030373 /* BadgeCollectionViewCell.swift */ = {isa = PBXFileReference; lastKnownFileType = sourcecode.swift; path = BadgeCollectionViewCell.swift; sourceTree = "<group>"; };
		F53DF2C52485545600030373 /* ShareBadgeViewController.swift */ = {isa = PBXFileReference; lastKnownFileType = sourcecode.swift; path = ShareBadgeViewController.swift; sourceTree = "<group>"; };
		F53FC90124C22C1A00250140 /* Solocoin.entitlements */ = {isa = PBXFileReference; lastKnownFileType = text.plist.entitlements; path = Solocoin.entitlements; sourceTree = "<group>"; };
		F53FFD5F24C5F0D50083272A /* GLScratchCardController.swift */ = {isa = PBXFileReference; fileEncoding = 4; lastKnownFileType = sourcecode.swift; path = GLScratchCardController.swift; sourceTree = "<group>"; };
		F53FFD6024C5F0D50083272A /* GLScratchCardImageView.swift */ = {isa = PBXFileReference; fileEncoding = 4; lastKnownFileType = sourcecode.swift; path = GLScratchCardImageView.swift; sourceTree = "<group>"; };
		F53FFD6124C5F0D50083272A /* GLScratchCardView.xib */ = {isa = PBXFileReference; fileEncoding = 4; lastKnownFileType = file.xib; path = GLScratchCardView.xib; sourceTree = "<group>"; };
		F53FFD6324C5F0D50083272A /* scratch_image_new.png */ = {isa = PBXFileReference; lastKnownFileType = image.png; path = scratch_image_new.png; sourceTree = "<group>"; };
		F53FFD6424C5F0D50083272A /* GLScratchCardView.swift */ = {isa = PBXFileReference; fileEncoding = 4; lastKnownFileType = sourcecode.swift; path = GLScratchCardView.swift; sourceTree = "<group>"; };
		F53FFD6624C5F0D50083272A /* .gitkeep */ = {isa = PBXFileReference; fileEncoding = 4; lastKnownFileType = text; path = .gitkeep; sourceTree = "<group>"; };
		F53FFD6724C5F0D50083272A /* glscratch_close.png */ = {isa = PBXFileReference; lastKnownFileType = image.png; path = glscratch_close.png; sourceTree = "<group>"; };
		F53FFD7024C5F2580083272A /* scratchCollectionViewCell.swift */ = {isa = PBXFileReference; lastKnownFileType = sourcecode.swift; path = scratchCollectionViewCell.swift; sourceTree = "<group>"; };
		F541A5ED24C0CD2F00946529 /* HomeCollectionReusableView.swift */ = {isa = PBXFileReference; lastKnownFileType = sourcecode.swift; path = HomeCollectionReusableView.swift; sourceTree = "<group>"; };
		F542F1AF249369470089CB83 /* profileTableViewCell.swift */ = {isa = PBXFileReference; lastKnownFileType = sourcecode.swift; path = profileTableViewCell.swift; sourceTree = "<group>"; };
		F542F1B12493B3A50089CB83 /* OpeningViewControllers.swift */ = {isa = PBXFileReference; lastKnownFileType = sourcecode.swift; path = OpeningViewControllers.swift; sourceTree = "<group>"; };
		F542F1B32493DF7B0089CB83 /* ThirdViewController.swift */ = {isa = PBXFileReference; lastKnownFileType = sourcecode.swift; path = ThirdViewController.swift; sourceTree = "<group>"; };
		F542F1B52493DFCC0089CB83 /* SecondViewController.swift */ = {isa = PBXFileReference; lastKnownFileType = sourcecode.swift; path = SecondViewController.swift; sourceTree = "<group>"; };
		F542F1B72493FC340089CB83 /* WelcomeViewController.swift */ = {isa = PBXFileReference; lastKnownFileType = sourcecode.swift; path = WelcomeViewController.swift; sourceTree = "<group>"; };
		F543299D2490B0900083EED2 /* Poppins-ExtraLight.ttf */ = {isa = PBXFileReference; lastKnownFileType = file; path = "Poppins-ExtraLight.ttf"; sourceTree = "<group>"; };
		F543299E2490B0900083EED2 /* Poppins-ThinItalic.ttf */ = {isa = PBXFileReference; lastKnownFileType = file; path = "Poppins-ThinItalic.ttf"; sourceTree = "<group>"; };
		F543299F2490B0900083EED2 /* Poppins-ExtraLightItalic.ttf */ = {isa = PBXFileReference; lastKnownFileType = file; path = "Poppins-ExtraLightItalic.ttf"; sourceTree = "<group>"; };
		F54329A02490B0900083EED2 /* Poppins-BoldItalic.ttf */ = {isa = PBXFileReference; lastKnownFileType = file; path = "Poppins-BoldItalic.ttf"; sourceTree = "<group>"; };
		F54329A12490B0900083EED2 /* Poppins-Light.ttf */ = {isa = PBXFileReference; lastKnownFileType = file; path = "Poppins-Light.ttf"; sourceTree = "<group>"; };
		F54329A22490B0900083EED2 /* Poppins-Medium.ttf */ = {isa = PBXFileReference; lastKnownFileType = file; path = "Poppins-Medium.ttf"; sourceTree = "<group>"; };
		F54329A32490B0900083EED2 /* Poppins-SemiBoldItalic.ttf */ = {isa = PBXFileReference; lastKnownFileType = file; path = "Poppins-SemiBoldItalic.ttf"; sourceTree = "<group>"; };
		F54329A42490B0900083EED2 /* Poppins-ExtraBoldItalic.ttf */ = {isa = PBXFileReference; lastKnownFileType = file; path = "Poppins-ExtraBoldItalic.ttf"; sourceTree = "<group>"; };
		F54329A52490B0900083EED2 /* Poppins-ExtraBold.ttf */ = {isa = PBXFileReference; lastKnownFileType = file; path = "Poppins-ExtraBold.ttf"; sourceTree = "<group>"; };
		F54329A62490B0900083EED2 /* Poppins-BlackItalic.ttf */ = {isa = PBXFileReference; lastKnownFileType = file; path = "Poppins-BlackItalic.ttf"; sourceTree = "<group>"; };
		F54329A72490B0900083EED2 /* Poppins-Regular.ttf */ = {isa = PBXFileReference; lastKnownFileType = file; path = "Poppins-Regular.ttf"; sourceTree = "<group>"; };
		F54329A82490B0900083EED2 /* Poppins-LightItalic.ttf */ = {isa = PBXFileReference; lastKnownFileType = file; path = "Poppins-LightItalic.ttf"; sourceTree = "<group>"; };
		F54329A92490B0900083EED2 /* Poppins-Bold.ttf */ = {isa = PBXFileReference; lastKnownFileType = file; path = "Poppins-Bold.ttf"; sourceTree = "<group>"; };
		F54329AA2490B0900083EED2 /* Poppins-Black.ttf */ = {isa = PBXFileReference; lastKnownFileType = file; path = "Poppins-Black.ttf"; sourceTree = "<group>"; };
		F54329AB2490B0900083EED2 /* Poppins-Thin.ttf */ = {isa = PBXFileReference; lastKnownFileType = file; path = "Poppins-Thin.ttf"; sourceTree = "<group>"; };
		F54329AC2490B0900083EED2 /* Poppins-SemiBold.ttf */ = {isa = PBXFileReference; lastKnownFileType = file; path = "Poppins-SemiBold.ttf"; sourceTree = "<group>"; };
		F54329AD2490B0900083EED2 /* Poppins-Italic.ttf */ = {isa = PBXFileReference; lastKnownFileType = file; path = "Poppins-Italic.ttf"; sourceTree = "<group>"; };
		F54329AE2490B0900083EED2 /* Poppins-MediumItalic.ttf */ = {isa = PBXFileReference; lastKnownFileType = file; path = "Poppins-MediumItalic.ttf"; sourceTree = "<group>"; };
		F5452D5224C4AA7700A35990 /* PlaceHolderScratchCardCollectionViewCell.swift */ = {isa = PBXFileReference; lastKnownFileType = sourcecode.swift; path = PlaceHolderScratchCardCollectionViewCell.swift; sourceTree = "<group>"; };
		F548B69224A09AF300A4F728 /* ScoreBoardViewController.swift */ = {isa = PBXFileReference; lastKnownFileType = sourcecode.swift; path = ScoreBoardViewController.swift; sourceTree = "<group>"; };
		F548B69424A09C8F00A4F728 /* ScoreCollectionViewCell.swift */ = {isa = PBXFileReference; lastKnownFileType = sourcecode.swift; path = ScoreCollectionViewCell.swift; sourceTree = "<group>"; };
		F553016E24914FC80036C2B8 /* CollectionReusableView.swift */ = {isa = PBXFileReference; lastKnownFileType = sourcecode.swift; path = CollectionReusableView.swift; sourceTree = "<group>"; };
		F55597112496927100DBE6B8 /* LeaderBoardTempVC.swift */ = {isa = PBXFileReference; lastKnownFileType = sourcecode.swift; path = LeaderBoardTempVC.swift; sourceTree = "<group>"; };
		F5A0B4FB24954B7000BFCC2B /* OTPTextField.swift */ = {isa = PBXFileReference; lastKnownFileType = sourcecode.swift; path = OTPTextField.swift; sourceTree = "<group>"; };
		F5CB66DA24826DC4005BF70D /* LeaderBoardViewController.swift */ = {isa = PBXFileReference; lastKnownFileType = sourcecode.swift; path = LeaderBoardViewController.swift; sourceTree = "<group>"; };
		F5CB66DC2482865E005BF70D /* WalletViewController.swift */ = {isa = PBXFileReference; lastKnownFileType = sourcecode.swift; path = WalletViewController.swift; sourceTree = "<group>"; };
		F5D66FC82475A1EC00476863 /* MenuTBController.swift */ = {isa = PBXFileReference; lastKnownFileType = sourcecode.swift; path = MenuTBController.swift; sourceTree = "<group>"; };
/* End PBXFileReference section */

/* Begin PBXFrameworksBuildPhase section */
		68B1D86A2453ACDC007ECC01 /* Frameworks */ = {
			isa = PBXFrameworksBuildPhase;
			buildActionMask = 2147483647;
			files = (
				20725A7B807EDD32944BBE9E /* Pods_Solocoin.framework in Frameworks */,
			);
			runOnlyForDeploymentPostprocessing = 0;
		};
/* End PBXFrameworksBuildPhase section */

/* Begin PBXGroup section */
		68B1D8642453ACDC007ECC01 = {
			isa = PBXGroup;
			children = (
				68B1D86F2453ACDC007ECC01 /* Solocoin */,
				68B1D86E2453ACDC007ECC01 /* Products */,
				9071B65EB06AE447E0EBA96F /* Pods */,
				6FE5A0B389F6A001C3E05E76 /* Frameworks */,
			);
			sourceTree = "<group>";
		};
		68B1D86E2453ACDC007ECC01 /* Products */ = {
			isa = PBXGroup;
			children = (
				68B1D86D2453ACDC007ECC01 /* Solocoin.app */,
			);
			name = Products;
			sourceTree = "<group>";
		};
		68B1D86F2453ACDC007ECC01 /* Solocoin */ = {
			isa = PBXGroup;
			children = (
				F53FC90124C22C1A00250140 /* Solocoin.entitlements */,
				F516F96824C774BC00BB5EF7 /* SAConfettiView */,
				F53FFD5D24C5F0D50083272A /* GLScratchCard */,
				F543299C2490B0900083EED2 /* font */,
				68B1D8702453ACDC007ECC01 /* AppDelegate.swift */,
				68B1D8722453ACDC007ECC01 /* SceneDelegate.swift */,
				68872A142468CC70005348B4 /* UIViewExtension.swift */,
				68B1D8762453ACDC007ECC01 /* Main.storyboard */,
				F5452D5224C4AA7700A35990 /* PlaceHolderScratchCardCollectionViewCell.swift */,
				F5145FDE24A228B5007BFED8 /* ScoreView.swift */,
				F548B69224A09AF300A4F728 /* ScoreBoardViewController.swift */,
				F548B69424A09C8F00A4F728 /* ScoreCollectionViewCell.swift */,
				F50950F424994F3E002C2C3D /* errorViewController.swift */,
				F542F1B72493FC340089CB83 /* WelcomeViewController.swift */,
				F542F1B12493B3A50089CB83 /* OpeningViewControllers.swift */,
				F542F1B52493DFCC0089CB83 /* SecondViewController.swift */,
				F542F1B32493DF7B0089CB83 /* ThirdViewController.swift */,
				F542F1AF249369470089CB83 /* profileTableViewCell.swift */,
				F53DF2C52485545600030373 /* ShareBadgeViewController.swift */,
				F50950F2249902E7002C2C3D /* NetWorkCheck.swift */,
				F53DA2AA2483D94C005FE377 /* OfferDetailsViewController.swift */,
				F53DA2A62483A9EF005FE377 /* OfferCollectionViewCell.swift */,
				F5CB66DA24826DC4005BF70D /* LeaderBoardViewController.swift */,
				F53DF2C32485279100030373 /* BadgeCollectionViewCell.swift */,
				F5D66FC82475A1EC00476863 /* MenuTBController.swift */,
				68B1D8872453B4BA007ECC01 /* LandingPagesController.swift */,
				68B1D88924540C5F007ECC01 /* OTPController.swift */,
				68B1D8C5245425FA007ECC01 /* OTP2Controller.swift */,
				68B1D8CE24551915007ECC01 /* SignUpController.swift */,
				68213D1A2457FD1D008B30A1 /* PermissionsController.swift */,
				68B1D8D42457707B007ECC01 /* Geofencing.swift */,
				F541A5ED24C0CD2F00946529 /* HomeCollectionReusableView.swift */,
				68B1D8D224565FD8007ECC01 /* HomePage1.swift */,
				F53FFD7024C5F2580083272A /* scratchCollectionViewCell.swift */,
				F516F95524C7682500BB5EF7 /* GoogleService-Info.plist */,
				F55597112496927100DBE6B8 /* LeaderBoardTempVC.swift */,
				F5CB66DC2482865E005BF70D /* WalletViewController.swift */,
				68D2ED7B245B3FAA00F39655 /* ProfilePage.swift */,
				68B1D87C2453ACDE007ECC01 /* Assets.xcassets */,
				F516F97924C8118000BB5EF7 /* GoogleService-Info.plist */,
				68B1D8D024551A5E007ECC01 /* PublicVars.swift */,
				68B1D87E2453ACDE007ECC01 /* LaunchScreen.storyboard */,
				68B1D8812453ACDE007ECC01 /* Info.plist */,
				68B1D8792453ACDC007ECC01 /* Solocoin.xcdatamodeld */,
				F553016E24914FC80036C2B8 /* CollectionReusableView.swift */,
				F5A0B4FB24954B7000BFCC2B /* OTPTextField.swift */,
			);
			path = Solocoin;
			sourceTree = "<group>";
		};
		6FE5A0B389F6A001C3E05E76 /* Frameworks */ = {
			isa = PBXGroup;
			children = (
				5DD9BD85F0412AF4F088824A /* Pods_Solocoin.framework */,
			);
			name = Frameworks;
			sourceTree = "<group>";
		};
		9071B65EB06AE447E0EBA96F /* Pods */ = {
			isa = PBXGroup;
			children = (
				5A8EC59CA352A3C678A64B14 /* Pods-Solocoin.debug.xcconfig */,
				4A2330E3827520B4D0032661 /* Pods-Solocoin.release.xcconfig */,
			);
			path = Pods;
			sourceTree = "<group>";
		};
		F516F96824C774BC00BB5EF7 /* SAConfettiView */ = {
			isa = PBXGroup;
			children = (
				F516F96924C774BC00BB5EF7 /* Classes */,
				F516F96C24C774BC00BB5EF7 /* Assets */,
			);
			name = SAConfettiView;
			path = "../../../../../Downloads/SAConfettiView-master/SAConfettiView";
			sourceTree = "<group>";
		};
		F516F96924C774BC00BB5EF7 /* Classes */ = {
			isa = PBXGroup;
			children = (
				F516F96A24C774BC00BB5EF7 /* SAConfettiView.swift */,
			);
			path = Classes;
			sourceTree = "<group>";
		};
		F516F96C24C774BC00BB5EF7 /* Assets */ = {
			isa = PBXGroup;
			children = (
				F516F96D24C774BC00BB5EF7 /* confetti.png */,
				F516F96F24C774BC00BB5EF7 /* triangle.png */,
				F516F97024C774BC00BB5EF7 /* diamond.png */,
				F516F97124C774BC00BB5EF7 /* star.png */,
			);
			path = Assets;
			sourceTree = "<group>";
		};
		F53FFD5D24C5F0D50083272A /* GLScratchCard */ = {
			isa = PBXGroup;
			children = (
				F53FFD5E24C5F0D50083272A /* Classes */,
				F53FFD6524C5F0D50083272A /* Assets */,
			);
			path = GLScratchCard;
			sourceTree = "<group>";
		};
		F53FFD5E24C5F0D50083272A /* Classes */ = {
			isa = PBXGroup;
			children = (
				F53FFD5F24C5F0D50083272A /* GLScratchCardController.swift */,
				F53FFD6024C5F0D50083272A /* GLScratchCardImageView.swift */,
				F53FFD6124C5F0D50083272A /* GLScratchCardView.xib */,
				F53FFD6324C5F0D50083272A /* scratch_image_new.png */,
				F53FFD6424C5F0D50083272A /* GLScratchCardView.swift */,
			);
			path = Classes;
			sourceTree = "<group>";
		};
		F53FFD6524C5F0D50083272A /* Assets */ = {
			isa = PBXGroup;
			children = (
				F53FFD6624C5F0D50083272A /* .gitkeep */,
				F53FFD6724C5F0D50083272A /* glscratch_close.png */,
			);
			path = Assets;
			sourceTree = "<group>";
		};
		F543299C2490B0900083EED2 /* font */ = {
			isa = PBXGroup;
			children = (
				F543299D2490B0900083EED2 /* Poppins-ExtraLight.ttf */,
				F543299E2490B0900083EED2 /* Poppins-ThinItalic.ttf */,
				F543299F2490B0900083EED2 /* Poppins-ExtraLightItalic.ttf */,
				F54329A02490B0900083EED2 /* Poppins-BoldItalic.ttf */,
				F54329A12490B0900083EED2 /* Poppins-Light.ttf */,
				F54329A22490B0900083EED2 /* Poppins-Medium.ttf */,
				F54329A32490B0900083EED2 /* Poppins-SemiBoldItalic.ttf */,
				F54329A42490B0900083EED2 /* Poppins-ExtraBoldItalic.ttf */,
				F54329A52490B0900083EED2 /* Poppins-ExtraBold.ttf */,
				F54329A62490B0900083EED2 /* Poppins-BlackItalic.ttf */,
				F54329A72490B0900083EED2 /* Poppins-Regular.ttf */,
				F54329A82490B0900083EED2 /* Poppins-LightItalic.ttf */,
				F54329A92490B0900083EED2 /* Poppins-Bold.ttf */,
				F54329AA2490B0900083EED2 /* Poppins-Black.ttf */,
				F54329AB2490B0900083EED2 /* Poppins-Thin.ttf */,
				F54329AC2490B0900083EED2 /* Poppins-SemiBold.ttf */,
				F54329AD2490B0900083EED2 /* Poppins-Italic.ttf */,
				F54329AE2490B0900083EED2 /* Poppins-MediumItalic.ttf */,
			);
			path = font;
			sourceTree = "<group>";
		};
/* End PBXGroup section */

/* Begin PBXNativeTarget section */
		68B1D86C2453ACDC007ECC01 /* Solocoin */ = {
			isa = PBXNativeTarget;
			buildConfigurationList = 68B1D8842453ACDE007ECC01 /* Build configuration list for PBXNativeTarget "Solocoin" */;
			buildPhases = (
				0C1605588AAA09FE541A27AB /* [CP] Check Pods Manifest.lock */,
				68B1D8692453ACDC007ECC01 /* Sources */,
				68B1D86A2453ACDC007ECC01 /* Frameworks */,
				68B1D86B2453ACDC007ECC01 /* Resources */,
				5EC6F6A63EA76A380CDC8AA6 /* [CP] Embed Pods Frameworks */,
			);
			buildRules = (
			);
			dependencies = (
			);
			name = Solocoin;
			productName = Solocoin;
			productReference = 68B1D86D2453ACDC007ECC01 /* Solocoin.app */;
			productType = "com.apple.product-type.application";
		};
/* End PBXNativeTarget section */

/* Begin PBXProject section */
		68B1D8652453ACDC007ECC01 /* Project object */ = {
			isa = PBXProject;
			attributes = {
				LastSwiftUpdateCheck = 1130;
				LastUpgradeCheck = 1130;
				ORGANIZATIONNAME = Solocoin;
				TargetAttributes = {
					68B1D86C2453ACDC007ECC01 = {
						CreatedOnToolsVersion = 11.3.1;
					};
				};
			};
			buildConfigurationList = 68B1D8682453ACDC007ECC01 /* Build configuration list for PBXProject "Solocoin" */;
			compatibilityVersion = "Xcode 9.3";
			developmentRegion = en;
			hasScannedForEncodings = 0;
			knownRegions = (
				en,
				Base,
			);
			mainGroup = 68B1D8642453ACDC007ECC01;
			productRefGroup = 68B1D86E2453ACDC007ECC01 /* Products */;
			projectDirPath = "";
			projectRoot = "";
			targets = (
				68B1D86C2453ACDC007ECC01 /* Solocoin */,
			);
		};
/* End PBXProject section */

/* Begin PBXResourcesBuildPhase section */
		68B1D86B2453ACDC007ECC01 /* Resources */ = {
			isa = PBXResourcesBuildPhase;
			buildActionMask = 2147483647;
			files = (
				F54329BD2490B0900083EED2 /* Poppins-Thin.ttf in Resources */,
				F54329C02490B0900083EED2 /* Poppins-MediumItalic.ttf in Resources */,
				F516F97424C774BC00BB5EF7 /* confetti.png in Resources */,
				F54329B62490B0900083EED2 /* Poppins-ExtraBoldItalic.ttf in Resources */,
				F54329B52490B0900083EED2 /* Poppins-SemiBoldItalic.ttf in Resources */,
				F54329AF2490B0900083EED2 /* Poppins-ExtraLight.ttf in Resources */,
				F54329B32490B0900083EED2 /* Poppins-Light.ttf in Resources */,
				F516F97624C774BC00BB5EF7 /* triangle.png in Resources */,
				F54329BE2490B0900083EED2 /* Poppins-SemiBold.ttf in Resources */,
				F54329B12490B0900083EED2 /* Poppins-ExtraLightItalic.ttf in Resources */,
				68B1D8802453ACDE007ECC01 /* LaunchScreen.storyboard in Resources */,
				F54329BC2490B0900083EED2 /* Poppins-Black.ttf in Resources */,
				F54329BF2490B0900083EED2 /* Poppins-Italic.ttf in Resources */,
				F516F95624C7682500BB5EF7 /* GoogleService-Info.plist in Resources */,
				F54329BA2490B0900083EED2 /* Poppins-LightItalic.ttf in Resources */,
				F516F97A24C8118000BB5EF7 /* GoogleService-Info.plist in Resources */,
				F54329B02490B0900083EED2 /* Poppins-ThinItalic.ttf in Resources */,
				F54329B82490B0900083EED2 /* Poppins-BlackItalic.ttf in Resources */,
				F54329B92490B0900083EED2 /* Poppins-Regular.ttf in Resources */,
				F53FFD6F24C5F0D60083272A /* glscratch_close.png in Resources */,
				68B1D87D2453ACDE007ECC01 /* Assets.xcassets in Resources */,
				F516F97824C774BC00BB5EF7 /* star.png in Resources */,
				F54329BB2490B0900083EED2 /* Poppins-Bold.ttf in Resources */,
				F53FFD6C24C5F0D60083272A /* scratch_image_new.png in Resources */,
				68B1D8782453ACDC007ECC01 /* Main.storyboard in Resources */,
				F54329B22490B0900083EED2 /* Poppins-BoldItalic.ttf in Resources */,
				F53FFD6E24C5F0D60083272A /* .gitkeep in Resources */,
				F516F97724C774BC00BB5EF7 /* diamond.png in Resources */,
				F53FFD6A24C5F0D60083272A /* GLScratchCardView.xib in Resources */,
				F54329B42490B0900083EED2 /* Poppins-Medium.ttf in Resources */,
				F54329B72490B0900083EED2 /* Poppins-ExtraBold.ttf in Resources */,
			);
			runOnlyForDeploymentPostprocessing = 0;
		};
/* End PBXResourcesBuildPhase section */

/* Begin PBXShellScriptBuildPhase section */
		0C1605588AAA09FE541A27AB /* [CP] Check Pods Manifest.lock */ = {
			isa = PBXShellScriptBuildPhase;
			buildActionMask = 2147483647;
			files = (
			);
			inputFileListPaths = (
			);
			inputPaths = (
				"${PODS_PODFILE_DIR_PATH}/Podfile.lock",
				"${PODS_ROOT}/Manifest.lock",
			);
			name = "[CP] Check Pods Manifest.lock";
			outputFileListPaths = (
			);
			outputPaths = (
				"$(DERIVED_FILE_DIR)/Pods-Solocoin-checkManifestLockResult.txt",
			);
			runOnlyForDeploymentPostprocessing = 0;
			shellPath = /bin/sh;
			shellScript = "diff \"${PODS_PODFILE_DIR_PATH}/Podfile.lock\" \"${PODS_ROOT}/Manifest.lock\" > /dev/null\nif [ $? != 0 ] ; then\n    # print error to STDERR\n    echo \"error: The sandbox is not in sync with the Podfile.lock. Run 'pod install' or update your CocoaPods installation.\" >&2\n    exit 1\nfi\n# This output is used by Xcode 'outputs' to avoid re-running this script phase.\necho \"SUCCESS\" > \"${SCRIPT_OUTPUT_FILE_0}\"\n";
			showEnvVarsInLog = 0;
		};
		5EC6F6A63EA76A380CDC8AA6 /* [CP] Embed Pods Frameworks */ = {
			isa = PBXShellScriptBuildPhase;
			buildActionMask = 2147483647;
			files = (
			);
			inputFileListPaths = (
				"${PODS_ROOT}/Target Support Files/Pods-Solocoin/Pods-Solocoin-frameworks-${CONFIGURATION}-input-files.xcfilelist",
			);
			name = "[CP] Embed Pods Frameworks";
			outputFileListPaths = (
				"${PODS_ROOT}/Target Support Files/Pods-Solocoin/Pods-Solocoin-frameworks-${CONFIGURATION}-output-files.xcfilelist",
			);
			runOnlyForDeploymentPostprocessing = 0;
			shellPath = /bin/sh;
			shellScript = "\"${PODS_ROOT}/Target Support Files/Pods-Solocoin/Pods-Solocoin-frameworks.sh\"\n";
			showEnvVarsInLog = 0;
		};
/* End PBXShellScriptBuildPhase section */

/* Begin PBXSourcesBuildPhase section */
		68B1D8692453ACDC007ECC01 /* Sources */ = {
			isa = PBXSourcesBuildPhase;
			buildActionMask = 2147483647;
			files = (
				F553016F24914FC80036C2B8 /* CollectionReusableView.swift in Sources */,
				F542F1B0249369470089CB83 /* profileTableViewCell.swift in Sources */,
				F53DA2AB2483D94C005FE377 /* OfferDetailsViewController.swift in Sources */,
				F50950F524994F3E002C2C3D /* errorViewController.swift in Sources */,
				F50950F3249902E7002C2C3D /* NetWorkCheck.swift in Sources */,
				F53FFD6924C5F0D60083272A /* GLScratchCardImageView.swift in Sources */,
				F542F1B62493DFCC0089CB83 /* SecondViewController.swift in Sources */,
				68B1D8D52457707B007ECC01 /* Geofencing.swift in Sources */,
				F53DF2C62485545700030373 /* ShareBadgeViewController.swift in Sources */,
				68B1D8712453ACDC007ECC01 /* AppDelegate.swift in Sources */,
				68B1D8D324565FD8007ECC01 /* HomePage1.swift in Sources */,
				F548B69324A09AF300A4F728 /* ScoreBoardViewController.swift in Sources */,
				68B1D8732453ACDC007ECC01 /* SceneDelegate.swift in Sources */,
				F5CB66DB24826DC4005BF70D /* LeaderBoardViewController.swift in Sources */,
				68213D1B2457FD1E008B30A1 /* PermissionsController.swift in Sources */,
				F541A5EE24C0CD2F00946529 /* HomeCollectionReusableView.swift in Sources */,
				68B1D88A24540C5F007ECC01 /* OTPController.swift in Sources */,
				68D2ED7C245B3FAA00F39655 /* ProfilePage.swift in Sources */,
				68B1D8C6245425FA007ECC01 /* OTP2Controller.swift in Sources */,
				F5A0B4FC24954B7000BFCC2B /* OTPTextField.swift in Sources */,
				F53DA2A72483A9EF005FE377 /* OfferCollectionViewCell.swift in Sources */,
				F53DF2C42485279100030373 /* BadgeCollectionViewCell.swift in Sources */,
				F53FFD6824C5F0D60083272A /* GLScratchCardController.swift in Sources */,
				68B1D8CF24551915007ECC01 /* SignUpController.swift in Sources */,
				F53FFD7124C5F2580083272A /* scratchCollectionViewCell.swift in Sources */,
				68872A152468CC70005348B4 /* UIViewExtension.swift in Sources */,
				F542F1B22493B3A50089CB83 /* OpeningViewControllers.swift in Sources */,
				F53FFD6D24C5F0D60083272A /* GLScratchCardView.swift in Sources */,
				F542F1B82493FC340089CB83 /* WelcomeViewController.swift in Sources */,
				F5D66FC92475A1EC00476863 /* MenuTBController.swift in Sources */,
				68B1D8D124551A5E007ECC01 /* PublicVars.swift in Sources */,
				F5CB66DD2482865E005BF70D /* WalletViewController.swift in Sources */,
				F548B69524A09C8F00A4F728 /* ScoreCollectionViewCell.swift in Sources */,
				F5452D5324C4AA7700A35990 /* PlaceHolderScratchCardCollectionViewCell.swift in Sources */,
				F516F97224C774BC00BB5EF7 /* SAConfettiView.swift in Sources */,
				68B1D87B2453ACDC007ECC01 /* Solocoin.xcdatamodeld in Sources */,
				F5145FDF24A228B5007BFED8 /* ScoreView.swift in Sources */,
				F542F1B42493DF7C0089CB83 /* ThirdViewController.swift in Sources */,
				F55597122496927100DBE6B8 /* LeaderBoardTempVC.swift in Sources */,
				68B1D8882453B4BA007ECC01 /* LandingPagesController.swift in Sources */,
			);
			runOnlyForDeploymentPostprocessing = 0;
		};
/* End PBXSourcesBuildPhase section */

/* Begin PBXVariantGroup section */
		68B1D8762453ACDC007ECC01 /* Main.storyboard */ = {
			isa = PBXVariantGroup;
			children = (
				68B1D8772453ACDC007ECC01 /* Base */,
			);
			name = Main.storyboard;
			sourceTree = "<group>";
		};
		68B1D87E2453ACDE007ECC01 /* LaunchScreen.storyboard */ = {
			isa = PBXVariantGroup;
			children = (
				68B1D87F2453ACDE007ECC01 /* Base */,
			);
			name = LaunchScreen.storyboard;
			sourceTree = "<group>";
		};
/* End PBXVariantGroup section */

/* Begin XCBuildConfiguration section */
		68B1D8822453ACDE007ECC01 /* Debug */ = {
			isa = XCBuildConfiguration;
			buildSettings = {
				ALWAYS_SEARCH_USER_PATHS = NO;
				CLANG_ANALYZER_LOCALIZABILITY_NONLOCALIZED = YES;
				CLANG_ANALYZER_NONNULL = YES;
				CLANG_ANALYZER_NUMBER_OBJECT_CONVERSION = YES_AGGRESSIVE;
				CLANG_CXX_LANGUAGE_STANDARD = "gnu++14";
				CLANG_CXX_LIBRARY = "libc++";
				CLANG_ENABLE_MODULES = YES;
				CLANG_ENABLE_OBJC_ARC = YES;
				CLANG_ENABLE_OBJC_WEAK = YES;
				CLANG_WARN_BLOCK_CAPTURE_AUTORELEASING = YES;
				CLANG_WARN_BOOL_CONVERSION = YES;
				CLANG_WARN_COMMA = YES;
				CLANG_WARN_CONSTANT_CONVERSION = YES;
				CLANG_WARN_DEPRECATED_OBJC_IMPLEMENTATIONS = YES;
				CLANG_WARN_DIRECT_OBJC_ISA_USAGE = YES_ERROR;
				CLANG_WARN_DOCUMENTATION_COMMENTS = YES;
				CLANG_WARN_EMPTY_BODY = YES;
				CLANG_WARN_ENUM_CONVERSION = YES;
				CLANG_WARN_INFINITE_RECURSION = YES;
				CLANG_WARN_INT_CONVERSION = YES;
				CLANG_WARN_NON_LITERAL_NULL_CONVERSION = YES;
				CLANG_WARN_OBJC_IMPLICIT_RETAIN_SELF = YES;
				CLANG_WARN_OBJC_LITERAL_CONVERSION = YES;
				CLANG_WARN_OBJC_ROOT_CLASS = YES_ERROR;
				CLANG_WARN_RANGE_LOOP_ANALYSIS = YES;
				CLANG_WARN_STRICT_PROTOTYPES = YES;
				CLANG_WARN_SUSPICIOUS_MOVE = YES;
				CLANG_WARN_UNGUARDED_AVAILABILITY = YES_AGGRESSIVE;
				CLANG_WARN_UNREACHABLE_CODE = YES;
				CLANG_WARN__DUPLICATE_METHOD_MATCH = YES;
				COPY_PHASE_STRIP = NO;
				DEBUG_INFORMATION_FORMAT = dwarf;
				ENABLE_STRICT_OBJC_MSGSEND = YES;
				ENABLE_TESTABILITY = YES;
				GCC_C_LANGUAGE_STANDARD = gnu11;
				GCC_DYNAMIC_NO_PIC = NO;
				GCC_NO_COMMON_BLOCKS = YES;
				GCC_OPTIMIZATION_LEVEL = 0;
				GCC_PREPROCESSOR_DEFINITIONS = (
					"DEBUG=1",
					"$(inherited)",
				);
				GCC_WARN_64_TO_32_BIT_CONVERSION = YES;
				GCC_WARN_ABOUT_RETURN_TYPE = YES_ERROR;
				GCC_WARN_UNDECLARED_SELECTOR = YES;
				GCC_WARN_UNINITIALIZED_AUTOS = YES_AGGRESSIVE;
				GCC_WARN_UNUSED_FUNCTION = YES;
				GCC_WARN_UNUSED_VARIABLE = YES;
				IPHONEOS_DEPLOYMENT_TARGET = 13.2;
				MTL_ENABLE_DEBUG_INFO = INCLUDE_SOURCE;
				MTL_FAST_MATH = YES;
				ONLY_ACTIVE_ARCH = YES;
				SDKROOT = iphoneos;
				SWIFT_ACTIVE_COMPILATION_CONDITIONS = DEBUG;
				SWIFT_OPTIMIZATION_LEVEL = "-Onone";
			};
			name = Debug;
		};
		68B1D8832453ACDE007ECC01 /* Release */ = {
			isa = XCBuildConfiguration;
			buildSettings = {
				ALWAYS_SEARCH_USER_PATHS = NO;
				CLANG_ANALYZER_LOCALIZABILITY_NONLOCALIZED = YES;
				CLANG_ANALYZER_NONNULL = YES;
				CLANG_ANALYZER_NUMBER_OBJECT_CONVERSION = YES_AGGRESSIVE;
				CLANG_CXX_LANGUAGE_STANDARD = "gnu++14";
				CLANG_CXX_LIBRARY = "libc++";
				CLANG_ENABLE_MODULES = YES;
				CLANG_ENABLE_OBJC_ARC = YES;
				CLANG_ENABLE_OBJC_WEAK = YES;
				CLANG_WARN_BLOCK_CAPTURE_AUTORELEASING = YES;
				CLANG_WARN_BOOL_CONVERSION = YES;
				CLANG_WARN_COMMA = YES;
				CLANG_WARN_CONSTANT_CONVERSION = YES;
				CLANG_WARN_DEPRECATED_OBJC_IMPLEMENTATIONS = YES;
				CLANG_WARN_DIRECT_OBJC_ISA_USAGE = YES_ERROR;
				CLANG_WARN_DOCUMENTATION_COMMENTS = YES;
				CLANG_WARN_EMPTY_BODY = YES;
				CLANG_WARN_ENUM_CONVERSION = YES;
				CLANG_WARN_INFINITE_RECURSION = YES;
				CLANG_WARN_INT_CONVERSION = YES;
				CLANG_WARN_NON_LITERAL_NULL_CONVERSION = YES;
				CLANG_WARN_OBJC_IMPLICIT_RETAIN_SELF = YES;
				CLANG_WARN_OBJC_LITERAL_CONVERSION = YES;
				CLANG_WARN_OBJC_ROOT_CLASS = YES_ERROR;
				CLANG_WARN_RANGE_LOOP_ANALYSIS = YES;
				CLANG_WARN_STRICT_PROTOTYPES = YES;
				CLANG_WARN_SUSPICIOUS_MOVE = YES;
				CLANG_WARN_UNGUARDED_AVAILABILITY = YES_AGGRESSIVE;
				CLANG_WARN_UNREACHABLE_CODE = YES;
				CLANG_WARN__DUPLICATE_METHOD_MATCH = YES;
				COPY_PHASE_STRIP = NO;
				DEBUG_INFORMATION_FORMAT = "dwarf-with-dsym";
				ENABLE_NS_ASSERTIONS = NO;
				ENABLE_STRICT_OBJC_MSGSEND = YES;
				GCC_C_LANGUAGE_STANDARD = gnu11;
				GCC_NO_COMMON_BLOCKS = YES;
				GCC_WARN_64_TO_32_BIT_CONVERSION = YES;
				GCC_WARN_ABOUT_RETURN_TYPE = YES_ERROR;
				GCC_WARN_UNDECLARED_SELECTOR = YES;
				GCC_WARN_UNINITIALIZED_AUTOS = YES_AGGRESSIVE;
				GCC_WARN_UNUSED_FUNCTION = YES;
				GCC_WARN_UNUSED_VARIABLE = YES;
				IPHONEOS_DEPLOYMENT_TARGET = 13.2;
				MTL_ENABLE_DEBUG_INFO = NO;
				MTL_FAST_MATH = YES;
				SDKROOT = iphoneos;
				SWIFT_COMPILATION_MODE = wholemodule;
				SWIFT_OPTIMIZATION_LEVEL = "-O";
				VALIDATE_PRODUCT = YES;
			};
			name = Release;
		};
		68B1D8852453ACDE007ECC01 /* Debug */ = {
			isa = XCBuildConfiguration;
			baseConfigurationReference = 5A8EC59CA352A3C678A64B14 /* Pods-Solocoin.debug.xcconfig */;
			buildSettings = {
				ASSETCATALOG_COMPILER_APPICON_NAME = AppIcon;
				CODE_SIGN_ENTITLEMENTS = Solocoin/Solocoin.entitlements;
				CODE_SIGN_STYLE = Automatic;
				DEVELOPMENT_TEAM = S552365YDR;
				INFOPLIST_FILE = Solocoin/Info.plist;
				LD_RUNPATH_SEARCH_PATHS = (
					"$(inherited)",
					"@executable_path/Frameworks",
				);
				PRODUCT_BUNDLE_IDENTIFIER = com.tethis.solocoinapp;
				PRODUCT_NAME = "$(TARGET_NAME)";
				SWIFT_VERSION = 5.0;
				TARGETED_DEVICE_FAMILY = 1;
			};
			name = Debug;
		};
		68B1D8862453ACDE007ECC01 /* Release */ = {
			isa = XCBuildConfiguration;
			baseConfigurationReference = 4A2330E3827520B4D0032661 /* Pods-Solocoin.release.xcconfig */;
			buildSettings = {
				ASSETCATALOG_COMPILER_APPICON_NAME = AppIcon;
				CODE_SIGN_ENTITLEMENTS = Solocoin/Solocoin.entitlements;
				CODE_SIGN_STYLE = Automatic;
				DEVELOPMENT_TEAM = S552365YDR;
				INFOPLIST_FILE = Solocoin/Info.plist;
				LD_RUNPATH_SEARCH_PATHS = (
					"$(inherited)",
					"@executable_path/Frameworks",
				);
				PRODUCT_BUNDLE_IDENTIFIER = com.tethis.solocoinapp;
				PRODUCT_NAME = "$(TARGET_NAME)";
				SWIFT_VERSION = 5.0;
				TARGETED_DEVICE_FAMILY = 1;
			};
			name = Release;
		};
/* End XCBuildConfiguration section */

/* Begin XCConfigurationList section */
		68B1D8682453ACDC007ECC01 /* Build configuration list for PBXProject "Solocoin" */ = {
			isa = XCConfigurationList;
			buildConfigurations = (
				68B1D8822453ACDE007ECC01 /* Debug */,
				68B1D8832453ACDE007ECC01 /* Release */,
			);
			defaultConfigurationIsVisible = 0;
			defaultConfigurationName = Release;
		};
		68B1D8842453ACDE007ECC01 /* Build configuration list for PBXNativeTarget "Solocoin" */ = {
			isa = XCConfigurationList;
			buildConfigurations = (
				68B1D8852453ACDE007ECC01 /* Debug */,
				68B1D8862453ACDE007ECC01 /* Release */,
			);
			defaultConfigurationIsVisible = 0;
			defaultConfigurationName = Release;
		};
/* End XCConfigurationList section */

/* Begin XCVersionGroup section */
		68B1D8792453ACDC007ECC01 /* Solocoin.xcdatamodeld */ = {
			isa = XCVersionGroup;
			children = (
				68B1D87A2453ACDC007ECC01 /* Solocoin.xcdatamodel */,
			);
			currentVersion = 68B1D87A2453ACDC007ECC01 /* Solocoin.xcdatamodel */;
			path = Solocoin.xcdatamodeld;
			sourceTree = "<group>";
			versionGroupType = wrapper.xcdatamodel;
		};
/* End XCVersionGroup section */
	};
	rootObject = 68B1D8652453ACDC007ECC01 /* Project object */;
}
